github.com/ireina7/fgo v0.0.0-20230929155921-67e8ce76468b h1:3u+CbmI3CgK+TZw3nYFmF09KByjOkiAw+9QfbCN84OM=
github.com/ireina7/fgo v0.0.0-20230929155921-67e8ce76468b/go.mod h1:0PKSOJBNmY3jQ6BaxEEGZ5E/NWEVGBOO0gVvbC/CgM4=
github.com/ireina7/fgo v0.0.0-20231001044409-54d28e4b833e h1:/yu9+ldJP15vF1UIjTDHcgY5PMsm5+1/J7u8q8SG31k=
github.com/ireina7/fgo v0.0.0-20231001044409-54d28e4b833e/go.mod h1:0PKSOJBNmY3jQ6BaxEEGZ5E/NWEVGBOO0gVvbC/CgM4=
github.com/ireina7/fgo v0.0.0-20231001054933-0293c95f3e76 h1:q52tkmbbcFV/1ObaMEAZh3fl3SGFxpw9QYMTdg5yiok=
github.com/ireina7/fgo v0.0.0-20231001054933-0293c95f3e76/go.mod h1:0PKSOJBNmY3jQ6BaxEEGZ5E/NWEVGBOO0gVvbC/CgM4=
github.com/ireina7/fgo v0.0.0-20231001124530-36da0558f5c9 h1:fcp/5rFt0Go17LeNfkcP1znWaGvfKiUn5SIVizKkFeg=
github.com/ireina7/fgo v0.0.0-20231001124530-36da0558f5c9/go.mod h1:0PKSOJBNmY3jQ6BaxEEGZ5E/NWEVGBOO0gVvbC/CgM4=
github.com/ireina7/fgo v0.0.0-20231001130518-e4318090118d h1:CZHFtRpSciJvcbDYEmGzuzCr2q/T0P1uU/CUOD34GLw=
github.com/ireina7/fgo v0.0.0-20231001130518-e4318090118d/go.mod h1:0PKSOJBNmY3jQ6BaxEEGZ5E/NWEVGBOO0gVvbC/CgM4=
github.com/ireina7/fgo v0.0.0-20231001130925-12253fe5711f h1:Jr2pfuRh/RYieP+NolXeghQlU5HjW2k4n2U61QTnNP8=
github.com/ireina7/fgo v0.0.0-20231001130925-12253fe5711f/go.mod h1:0PKSOJBNmY3jQ6BaxEEGZ5E/NWEVGBOO0gVvbC/CgM4=
github.com/ireina7/fgo v0.0.0-20231001131356-d922d5437a11 h1:mrDnx3KXPJpcV7mnqz7UR2Ju+hQA21Fh6z2+3q1EkQk=
github.com/ireina7/fgo v0.0.0-20231001131356-d922d5437a11/go.mod h1:0PKSOJBNmY3jQ6BaxEEGZ5E/NWEVGBOO0gVvbC/CgM4=
github.com/ireina7/summoner v0.1.2-0.20230930095928-551b84a47918 h1:G9iXi2rLSbJaF86bKmuwR+tZE6jQg7SITgnMj3IrKVk=
github.com/ireina7/summoner v0.1.2-0.20230930095928-551b84a47918/go.mod h1:a6Geq0khNUbrrzVqPCr055UbYx6hQzXXRs1dJaysBXc=
github.com/samber/lo v1.38.1 h1:j2XEAqXKb09Am4ebOg31SpvzUTTs6EN3VfgeLUhPdXM=
github.com/samber/lo v1.38.1/go.mod h1:+m/ZKRl6ClXCE2Lgf3MsQlWfh4bn1bz6CXEOxnEXnEA=
github.com/segmentio/fasthash v1.0.3 h1:EI9+KE1EwvMLBWwjpRDc+fEM+prwxDYbslddQGtrmhM=
github.com/segmentio/fasthash v1.0.3/go.mod h1:waKX8l2N8yckOgmSsXJi7x1ZfdKZ4x7KRMzBtS3oedY=
github.com/zyedidia/generic v1.2.1 h1:Zv5KS/N2m0XZZiuLS82qheRG4X1o5gsWreGb0hR7XDc=
github.com/zyedidia/generic v1.2.1/go.mod h1:ly2RBz4mnz1yeuVbQA/VFwGjK3mnHGRj1JuoG336Bis=
golang.org/x/exp v0.0.0-20220303212507-bbda1eaf7a17 h1:3MTrJm4PyNL9NBqvYDSj3DHl46qQakyfqfWo4jgfaEM=
golang.org/x/exp v0.0.0-20220303212507-bbda1eaf7a17/go.mod h1:lgLbSvA5ygNOMpwM/9anMpWVlVJ7Z+cHWq/eFuinpGE=
